// !$*UTF8*$!
{
	archiveVersion = 1;
	classes = {
	};
	objectVersion = 46;
	objects = {

/* Begin PBXBuildFile section */
		3688FB7F1D3DD9050069FA61 /* main.m in Sources */ = {isa = PBXBuildFile; fileRef = 3688FB7E1D3DD9050069FA61 /* main.m */; };
		3688FB821D3DD9050069FA61 /* AppDelegate.m in Sources */ = {isa = PBXBuildFile; fileRef = 3688FB811D3DD9050069FA61 /* AppDelegate.m */; };
		3688FB881D3DD9050069FA61 /* Main.storyboard in Resources */ = {isa = PBXBuildFile; fileRef = 3688FB861D3DD9050069FA61 /* Main.storyboard */; };
		3688FB8A1D3DD9050069FA61 /* Assets.xcassets in Resources */ = {isa = PBXBuildFile; fileRef = 3688FB891D3DD9050069FA61 /* Assets.xcassets */; };
		3688FB8D1D3DD9050069FA61 /* LaunchScreen.storyboard in Resources */ = {isa = PBXBuildFile; fileRef = 3688FB8B1D3DD9050069FA61 /* LaunchScreen.storyboard */; };
		3688FB981D3DD9050069FA61 /* FFCollectionTests.m in Sources */ = {isa = PBXBuildFile; fileRef = 3688FB971D3DD9050069FA61 /* FFCollectionTests.m */; };
		3688FBA31D3DD9050069FA61 /* FFCollectionUITests.m in Sources */ = {isa = PBXBuildFile; fileRef = 3688FBA21D3DD9050069FA61 /* FFCollectionUITests.m */; };
		3688FBBC1D3DD9460069FA61 /* FFCircleLayout.m in Sources */ = {isa = PBXBuildFile; fileRef = 3688FBB21D3DD9460069FA61 /* FFCircleLayout.m */; };
		3688FBBD1D3DD9460069FA61 /* FFImageCell.m in Sources */ = {isa = PBXBuildFile; fileRef = 3688FBB41D3DD9460069FA61 /* FFImageCell.m */; };
		3688FBBE1D3DD9460069FA61 /* FFImageCell.xib in Resources */ = {isa = PBXBuildFile; fileRef = 3688FBB51D3DD9460069FA61 /* FFImageCell.xib */; };
		3688FBBF1D3DD9460069FA61 /* FFLineLayout.m in Sources */ = {isa = PBXBuildFile; fileRef = 3688FBB71D3DD9460069FA61 /* FFLineLayout.m */; };
		3688FBC01D3DD9460069FA61 /* FFStackLayout.m in Sources */ = {isa = PBXBuildFile; fileRef = 3688FBB91D3DD9460069FA61 /* FFStackLayout.m */; };
		3688FBC11D3DD9460069FA61 /* ViewController.m in Sources */ = {isa = PBXBuildFile; fileRef = 3688FBBB1D3DD9460069FA61 /* ViewController.m */; };
		B53E9A5221294EAD592CEFCD /* libPods-FFCollection.a in Frameworks */ = {isa = PBXBuildFile; fileRef = E18B3BDEADC0C61276C501BA /* libPods-FFCollection.a */; };
/* End PBXBuildFile section */

/* Begin PBXContainerItemProxy section */
		3688FB941D3DD9050069FA61 /* PBXContainerItemProxy */ = {
			isa = PBXContainerItemProxy;
			containerPortal = 3688FB721D3DD9050069FA61 /* Project object */;
			proxyType = 1;
			remoteGlobalIDString = 3688FB791D3DD9050069FA61;
			remoteInfo = FFCollection;
		};
		3688FB9F1D3DD9050069FA61 /* PBXContainerItemProxy */ = {
			isa = PBXContainerItemProxy;
			containerPortal = 3688FB721D3DD9050069FA61 /* Project object */;
			proxyType = 1;
			remoteGlobalIDString = 3688FB791D3DD9050069FA61;
			remoteInfo = FFCollection;
		};
/* End PBXContainerItemProxy section */

/* Begin PBXFileReference section */
		3688FB7A1D3DD9050069FA61 /* FFCollection.app */ = {isa = PBXFileReference; explicitFileType = wrapper.application; includeInIndex = 0; path = FFCollection.app; sourceTree = BUILT_PRODUCTS_DIR; };
		3688FB7E1D3DD9050069FA61 /* main.m */ = {isa = PBXFileReference; lastKnownFileType = sourcecode.c.objc; path = main.m; sourceTree = "<group>"; };
		3688FB801D3DD9050069FA61 /* AppDelegate.h */ = {isa = PBXFileReference; lastKnownFileType = sourcecode.c.h; path = AppDelegate.h; sourceTree = "<group>"; };
		3688FB811D3DD9050069FA61 /* AppDelegate.m */ = {isa = PBXFileReference; lastKnownFileType = sourcecode.c.objc; path = AppDelegate.m; sourceTree = "<group>"; };
		3688FB871D3DD9050069FA61 /* Base */ = {isa = PBXFileReference; lastKnownFileType = file.storyboard; name = Base; path = Base.lproj/Main.storyboard; sourceTree = "<group>"; };
		3688FB891D3DD9050069FA61 /* Assets.xcassets */ = {isa = PBXFileReference; lastKnownFileType = folder.assetcatalog; path = Assets.xcassets; sourceTree = "<group>"; };
		3688FB8C1D3DD9050069FA61 /* Base */ = {isa = PBXFileReference; lastKnownFileType = file.storyboard; name = Base; path = Base.lproj/LaunchScreen.storyboard; sourceTree = "<group>"; };
		3688FB8E1D3DD9050069FA61 /* Info.plist */ = {isa = PBXFileReference; lastKnownFileType = text.plist.xml; path = Info.plist; sourceTree = "<group>"; };
		3688FB931D3DD9050069FA61 /* FFCollectionTests.xctest */ = {isa = PBXFileReference; explicitFileType = wrapper.cfbundle; includeInIndex = 0; path = FFCollectionTests.xctest; sourceTree = BUILT_PRODUCTS_DIR; };
		3688FB971D3DD9050069FA61 /* FFCollectionTests.m */ = {isa = PBXFileReference; lastKnownFileType = sourcecode.c.objc; path = FFCollectionTests.m; sourceTree = "<group>"; };
		3688FB991D3DD9050069FA61 /* Info.plist */ = {isa = PBXFileReference; lastKnownFileType = text.plist.xml; path = Info.plist; sourceTree = "<group>"; };
		3688FB9E1D3DD9050069FA61 /* FFCollectionUITests.xctest */ = {isa = PBXFileReference; explicitFileType = wrapper.cfbundle; includeInIndex = 0; path = FFCollectionUITests.xctest; sourceTree = BUILT_PRODUCTS_DIR; };
		3688FBA21D3DD9050069FA61 /* FFCollectionUITests.m */ = {isa = PBXFileReference; lastKnownFileType = sourcecode.c.objc; path = FFCollectionUITests.m; sourceTree = "<group>"; };
		3688FBA41D3DD9050069FA61 /* Info.plist */ = {isa = PBXFileReference; lastKnownFileType = text.plist.xml; path = Info.plist; sourceTree = "<group>"; };
		3688FBB11D3DD9460069FA61 /* FFCircleLayout.h */ = {isa = PBXFileReference; fileEncoding = 4; lastKnownFileType = sourcecode.c.h; path = FFCircleLayout.h; sourceTree = "<group>"; };
		3688FBB21D3DD9460069FA61 /* FFCircleLayout.m */ = {isa = PBXFileReference; fileEncoding = 4; lastKnownFileType = sourcecode.c.objc; path = FFCircleLayout.m; sourceTree = "<group>"; };
		3688FBB31D3DD9460069FA61 /* FFImageCell.h */ = {isa = PBXFileReference; fileEncoding = 4; lastKnownFileType = sourcecode.c.h; path = FFImageCell.h; sourceTree = "<group>"; };
		3688FBB41D3DD9460069FA61 /* FFImageCell.m */ = {isa = PBXFileReference; fileEncoding = 4; lastKnownFileType = sourcecode.c.objc; path = FFImageCell.m; sourceTree = "<group>"; };
		3688FBB51D3DD9460069FA61 /* FFImageCell.xib */ = {isa = PBXFileReference; fileEncoding = 4; lastKnownFileType = file.xib; path = FFImageCell.xib; sourceTree = "<group>"; };
		3688FBB61D3DD9460069FA61 /* FFLineLayout.h */ = {isa = PBXFileReference; fileEncoding = 4; lastKnownFileType = sourcecode.c.h; path = FFLineLayout.h; sourceTree = "<group>"; };
		3688FBB71D3DD9460069FA61 /* FFLineLayout.m */ = {isa = PBXFileReference; fileEncoding = 4; lastKnownFileType = sourcecode.c.objc; path = FFLineLayout.m; sourceTree = "<group>"; };
		3688FBB81D3DD9460069FA61 /* FFStackLayout.h */ = {isa = PBXFileReference; fileEncoding = 4; lastKnownFileType = sourcecode.c.h; path = FFStackLayout.h; sourceTree = "<group>"; };
		3688FBB91D3DD9460069FA61 /* FFStackLayout.m */ = {isa = PBXFileReference; fileEncoding = 4; lastKnownFileType = sourcecode.c.objc; path = FFStackLayout.m; sourceTree = "<group>"; };
		3688FBBA1D3DD9460069FA61 /* ViewController.h */ = {isa = PBXFileReference; fileEncoding = 4; lastKnownFileType = sourcecode.c.h; path = ViewController.h; sourceTree = "<group>"; };
		3688FBBB1D3DD9460069FA61 /* ViewController.m */ = {isa = PBXFileReference; fileEncoding = 4; lastKnownFileType = sourcecode.c.objc; path = ViewController.m; sourceTree = "<group>"; };
		65A22CD82A96550A10D4B815 /* Pods-FFCollection.release.xcconfig */ = {isa = PBXFileReference; includeInIndex = 1; lastKnownFileType = text.xcconfig; name = "Pods-FFCollection.release.xcconfig"; path = "Pods/Target Support Files/Pods-FFCollection/Pods-FFCollection.release.xcconfig"; sourceTree = "<group>"; };
		767424B5B9E5805526B8EF18 /* Pods-FFCollection.debug.xcconfig */ = {isa = PBXFileReference; includeInIndex = 1; lastKnownFileType = text.xcconfig; name = "Pods-FFCollection.debug.xcconfig"; path = "Pods/Target Support Files/Pods-FFCollection/Pods-FFCollection.debug.xcconfig"; sourceTree = "<group>"; };
		E18B3BDEADC0C61276C501BA /* libPods-FFCollection.a */ = {isa = PBXFileReference; explicitFileType = archive.ar; includeInIndex = 0; path = "libPods-FFCollection.a"; sourceTree = BUILT_PRODUCTS_DIR; };
/* End PBXFileReference section */

/* Begin PBXFrameworksBuildPhase section */
		3688FB771D3DD9050069FA61 /* Frameworks */ = {
			isa = PBXFrameworksBuildPhase;
			buildActionMask = 2147483647;
			files = (
				B53E9A5221294EAD592CEFCD /* libPods-FFCollection.a in Frameworks */,
			);
			runOnlyForDeploymentPostprocessing = 0;
		};
		3688FB901D3DD9050069FA61 /* Frameworks */ = {
			isa = PBXFrameworksBuildPhase;
			buildActionMask = 2147483647;
			files = (
			);
			runOnlyForDeploymentPostprocessing = 0;
		};
		3688FB9B1D3DD9050069FA61 /* Frameworks */ = {
			isa = PBXFrameworksBuildPhase;
			buildActionMask = 2147483647;
			files = (
			);
			runOnlyForDeploymentPostprocessing = 0;
		};
/* End PBXFrameworksBuildPhase section */

/* Begin PBXGroup section */
		3688FB711D3DD9050069FA61 = {
			isa = PBXGroup;
			children = (
				3688FB7C1D3DD9050069FA61 /* FFCollection */,
				3688FB961D3DD9050069FA61 /* FFCollectionTests */,
				3688FBA11D3DD9050069FA61 /* FFCollectionUITests */,
				3688FB7B1D3DD9050069FA61 /* Products */,
				DE87B2295AA701B936D60F31 /* Pods */,
				8CEA7578975916621077C63B /* Frameworks */,
			);
			sourceTree = "<group>";
		};
		3688FB7B1D3DD9050069FA61 /* Products */ = {
			isa = PBXGroup;
			children = (
				3688FB7A1D3DD9050069FA61 /* FFCollection.app */,
				3688FB931D3DD9050069FA61 /* FFCollectionTests.xctest */,
				3688FB9E1D3DD9050069FA61 /* FFCollectionUITests.xctest */,
			);
			name = Products;
			sourceTree = "<group>";
		};
		3688FB7C1D3DD9050069FA61 /* FFCollection */ = {
			isa = PBXGroup;
			children = (
				3688FBB01D3DD9460069FA61 /* Pages */,
				3688FB801D3DD9050069FA61 /* AppDelegate.h */,
				3688FB811D3DD9050069FA61 /* AppDelegate.m */,
				3688FB7D1D3DD9050069FA61 /* Supporting Files */,
			);
			path = FFCollection;
			sourceTree = "<group>";
		};
		3688FB7D1D3DD9050069FA61 /* Supporting Files */ = {
			isa = PBXGroup;
			children = (
				3688FB861D3DD9050069FA61 /* Main.storyboard */,
				3688FB891D3DD9050069FA61 /* Assets.xcassets */,
				3688FB8B1D3DD9050069FA61 /* LaunchScreen.storyboard */,
				3688FB8E1D3DD9050069FA61 /* Info.plist */,
				3688FB7E1D3DD9050069FA61 /* main.m */,
			);
			name = "Supporting Files";
			sourceTree = "<group>";
		};
		3688FB961D3DD9050069FA61 /* FFCollectionTests */ = {
			isa = PBXGroup;
			children = (
				3688FB971D3DD9050069FA61 /* FFCollectionTests.m */,
				3688FB991D3DD9050069FA61 /* Info.plist */,
			);
			path = FFCollectionTests;
			sourceTree = "<group>";
		};
		3688FBA11D3DD9050069FA61 /* FFCollectionUITests */ = {
			isa = PBXGroup;
			children = (
				3688FBA21D3DD9050069FA61 /* FFCollectionUITests.m */,
				3688FBA41D3DD9050069FA61 /* Info.plist */,
			);
			path = FFCollectionUITests;
			sourceTree = "<group>";
		};
		3688FBB01D3DD9460069FA61 /* Pages */ = {
			isa = PBXGroup;
			children = (
				3688FBB31D3DD9460069FA61 /* FFImageCell.h */,
				3688FBB41D3DD9460069FA61 /* FFImageCell.m */,
				3688FBB51D3DD9460069FA61 /* FFImageCell.xib */,
				3688FBB61D3DD9460069FA61 /* FFLineLayout.h */,
				3688FBB71D3DD9460069FA61 /* FFLineLayout.m */,
				3688FBB81D3DD9460069FA61 /* FFStackLayout.h */,
				3688FBB91D3DD9460069FA61 /* FFStackLayout.m */,
				3688FBB11D3DD9460069FA61 /* FFCircleLayout.h */,
				3688FBB21D3DD9460069FA61 /* FFCircleLayout.m */,
				3688FBBA1D3DD9460069FA61 /* ViewController.h */,
				3688FBBB1D3DD9460069FA61 /* ViewController.m */,
			);
			path = Pages;
			sourceTree = "<group>";
		};
		8CEA7578975916621077C63B /* Frameworks */ = {
			isa = PBXGroup;
			children = (
				E18B3BDEADC0C61276C501BA /* libPods-FFCollection.a */,
			);
			name = Frameworks;
			sourceTree = "<group>";
		};
		DE87B2295AA701B936D60F31 /* Pods */ = {
			isa = PBXGroup;
			children = (
				767424B5B9E5805526B8EF18 /* Pods-FFCollection.debug.xcconfig */,
				65A22CD82A96550A10D4B815 /* Pods-FFCollection.release.xcconfig */,
			);
			name = Pods;
			sourceTree = "<group>";
		};
/* End PBXGroup section */

/* Begin PBXNativeTarget section */
		3688FB791D3DD9050069FA61 /* FFCollection */ = {
			isa = PBXNativeTarget;
			buildConfigurationList = 3688FBA71D3DD9050069FA61 /* Build configuration list for PBXNativeTarget "FFCollection" */;
			buildPhases = (
				959637F22F998CEB15CA0102 /* [CP] Check Pods Manifest.lock */,
				3688FB761D3DD9050069FA61 /* Sources */,
				3688FB771D3DD9050069FA61 /* Frameworks */,
				3688FB781D3DD9050069FA61 /* Resources */,
				49CEF3890073FB35BB956D78 /* [CP] Embed Pods Frameworks */,
				AA0B8E09254B22E07C708E9A /* [CP] Copy Pods Resources */,
			);
			buildRules = (
			);
			dependencies = (
			);
			name = FFCollection;
			productName = FFCollection;
			productReference = 3688FB7A1D3DD9050069FA61 /* FFCollection.app */;
			productType = "com.apple.product-type.application";
		};
		3688FB921D3DD9050069FA61 /* FFCollectionTests */ = {
			isa = PBXNativeTarget;
			buildConfigurationList = 3688FBAA1D3DD9050069FA61 /* Build configuration list for PBXNativeTarget "FFCollectionTests" */;
			buildPhases = (
				3688FB8F1D3DD9050069FA61 /* Sources */,
				3688FB901D3DD9050069FA61 /* Frameworks */,
				3688FB911D3DD9050069FA61 /* Resources */,
			);
			buildRules = (
			);
			dependencies = (
				3688FB951D3DD9050069FA61 /* PBXTargetDependency */,
			);
			name = FFCollectionTests;
			productName = FFCollectionTests;
			productReference = 3688FB931D3DD9050069FA61 /* FFCollectionTests.xctest */;
			productType = "com.apple.product-type.bundle.unit-test";
		};
		3688FB9D1D3DD9050069FA61 /* FFCollectionUITests */ = {
			isa = PBXNativeTarget;
			buildConfigurationList = 3688FBAD1D3DD9050069FA61 /* Build configuration list for PBXNativeTarget "FFCollectionUITests" */;
			buildPhases = (
				3688FB9A1D3DD9050069FA61 /* Sources */,
				3688FB9B1D3DD9050069FA61 /* Frameworks */,
				3688FB9C1D3DD9050069FA61 /* Resources */,
			);
			buildRules = (
			);
			dependencies = (
				3688FBA01D3DD9050069FA61 /* PBXTargetDependency */,
			);
			name = FFCollectionUITests;
			productName = FFCollectionUITests;
			productReference = 3688FB9E1D3DD9050069FA61 /* FFCollectionUITests.xctest */;
			productType = "com.apple.product-type.bundle.ui-testing";
		};
/* End PBXNativeTarget section */

/* Begin PBXProject section */
		3688FB721D3DD9050069FA61 /* Project object */ = {
			isa = PBXProject;
			attributes = {
				LastUpgradeCheck = 0730;
				ORGANIZATIONNAME = "张玲玉";
				TargetAttributes = {
					3688FB791D3DD9050069FA61 = {
						CreatedOnToolsVersion = 7.3.1;
					};
					3688FB921D3DD9050069FA61 = {
						CreatedOnToolsVersion = 7.3.1;
						TestTargetID = 3688FB791D3DD9050069FA61;
					};
					3688FB9D1D3DD9050069FA61 = {
						CreatedOnToolsVersion = 7.3.1;
						TestTargetID = 3688FB791D3DD9050069FA61;
					};
				};
			};
			buildConfigurationList = 3688FB751D3DD9050069FA61 /* Build configuration list for PBXProject "FFCollection" */;
			compatibilityVersion = "Xcode 3.2";
			developmentRegion = English;
			hasScannedForEncodings = 0;
			knownRegions = (
				en,
				Base,
			);
			mainGroup = 3688FB711D3DD9050069FA61;
			productRefGroup = 3688FB7B1D3DD9050069FA61 /* Products */;
			projectDirPath = "";
			projectRoot = "";
			targets = (
				3688FB791D3DD9050069FA61 /* FFCollection */,
				3688FB921D3DD9050069FA61 /* FFCollectionTests */,
				3688FB9D1D3DD9050069FA61 /* FFCollectionUITests */,
			);
		};
/* End PBXProject section */

/* Begin PBXResourcesBuildPhase section */
		3688FB781D3DD9050069FA61 /* Resources */ = {
			isa = PBXResourcesBuildPhase;
			buildActionMask = 2147483647;
			files = (
				3688FB8D1D3DD9050069FA61 /* LaunchScreen.storyboard in Resources */,
				3688FB8A1D3DD9050069FA61 /* Assets.xcassets in Resources */,
				3688FB881D3DD9050069FA61 /* Main.storyboard in Resources */,
				3688FBBE1D3DD9460069FA61 /* FFImageCell.xib in Resources */,
			);
			runOnlyForDeploymentPostprocessing = 0;
		};
		3688FB911D3DD9050069FA61 /* Resources */ = {
			isa = PBXResourcesBuildPhase;
			buildActionMask = 2147483647;
			files = (
			);
			runOnlyForDeploymentPostprocessing = 0;
		};
		3688FB9C1D3DD9050069FA61 /* Resources */ = {
			isa = PBXResourcesBuildPhase;
			buildActionMask = 2147483647;
			files = (
			);
			runOnlyForDeploymentPostprocessing = 0;
		};
/* End PBXResourcesBuildPhase section */

/* Begin PBXShellScriptBuildPhase section */
		49CEF3890073FB35BB956D78 /* [CP] Embed Pods Frameworks */ = {
			isa = PBXShellScriptBuildPhase;
			buildActionMask = 2147483647;
			files = (
			);
			inputPaths = (
			);
			name = "[CP] Embed Pods Frameworks";
			outputPaths = (
			);
			runOnlyForDeploymentPostprocessing = 0;
			shellPath = /bin/sh;
			shellScript = "\"${SRCROOT}/Pods/Target Support Files/Pods-FFCollection/Pods-FFCollection-frameworks.sh\"\n";
			showEnvVarsInLog = 0;
		};
		959637F22F998CEB15CA0102 /* [CP] Check Pods Manifest.lock */ = {
			isa = PBXShellScriptBuildPhase;
			buildActionMask = 2147483647;
			files = (
			);
			inputPaths = (
				"${PODS_PODFILE_DIR_PATH}/Podfile.lock",
				"${PODS_ROOT}/Manifest.lock",
			);
			name = "[CP] Check Pods Manifest.lock";
			outputPaths = (
				"$(DERIVED_FILE_DIR)/Pods-FFCollection-checkManifestLockResult.txt",
			);
			runOnlyForDeploymentPostprocessing = 0;
			shellPath = /bin/sh;
			shellScript = "diff \"${PODS_PODFILE_DIR_PATH}/Podfile.lock\" \"${PODS_ROOT}/Manifest.lock\" > /dev/null\nif [ $? != 0 ] ; then\n    # print error to STDERR\n    echo \"error: The sandbox is not in sync with the Podfile.lock. Run 'pod install' or update your CocoaPods installation.\" >&2\n    exit 1\nfi\n# This output is used by Xcode 'outputs' to avoid re-running this script phase.\necho \"SUCCESS\" > \"${SCRIPT_OUTPUT_FILE_0}\"\n";
			showEnvVarsInLog = 0;
		};
		AA0B8E09254B22E07C708E9A /* [CP] Copy Pods Resources */ = {
			isa = PBXShellScriptBuildPhase;
			buildActionMask = 2147483647;
			files = (
			);
			inputPaths = (
			);
			name = "[CP] Copy Pods Resources";
			outputPaths = (
			);
			runOnlyForDeploymentPostprocessing = 0;
			shellPath = /bin/sh;
			shellScript = "\"${SRCROOT}/Pods/Target Support Files/Pods-FFCollection/Pods-FFCollection-resources.sh\"\n";
			showEnvVarsInLog = 0;
		};
/* End PBXShellScriptBuildPhase section */

/* Begin PBXSourcesBuildPhase section */
		3688FB761D3DD9050069FA61 /* Sources */ = {
			isa = PBXSourcesBuildPhase;
			buildActionMask = 2147483647;
			files = (
				3688FBC01D3DD9460069FA61 /* FFStackLayout.m in Sources */,
				3688FBC11D3DD9460069FA61 /* ViewController.m in Sources */,
				3688FB821D3DD9050069FA61 /* AppDelegate.m in Sources */,
				3688FBBD1D3DD9460069FA61 /* FFImageCell.m in Sources */,
				3688FB7F1D3DD9050069FA61 /* main.m in Sources */,
				3688FBBC1D3DD9460069FA61 /* FFCircleLayout.m in Sources */,
				3688FBBF1D3DD9460069FA61 /* FFLineLayout.m in Sources */,
			);
			runOnlyForDeploymentPostprocessing = 0;
		};
		3688FB8F1D3DD9050069FA61 /* Sources */ = {
			isa = PBXSourcesBuildPhase;
			buildActionMask = 2147483647;
			files = (
				3688FB981D3DD9050069FA61 /* FFCollectionTests.m in Sources */,
			);
			runOnlyForDeploymentPostprocessing = 0;
		};
		3688FB9A1D3DD9050069FA61 /* Sources */ = {
			isa = PBXSourcesBuildPhase;
			buildActionMask = 2147483647;
			files = (
				3688FBA31D3DD9050069FA61 /* FFCollectionUITests.m in Sources */,
			);
			runOnlyForDeploymentPostprocessing = 0;
		};
/* End PBXSourcesBuildPhase section */

/* Begin PBXTargetDependency section */
		3688FB951D3DD9050069FA61 /* PBXTargetDependency */ = {
			isa = PBXTargetDependency;
			target = 3688FB791D3DD9050069FA61 /* FFCollection */;
			targetProxy = 3688FB941D3DD9050069FA61 /* PBXContainerItemProxy */;
		};
		3688FBA01D3DD9050069FA61 /* PBXTargetDependency */ = {
			isa = PBXTargetDependency;
			target = 3688FB791D3DD9050069FA61 /* FFCollection */;
			targetProxy = 3688FB9F1D3DD9050069FA61 /* PBXContainerItemProxy */;
		};
/* End PBXTargetDependency section */

/* Begin PBXVariantGroup section */
		3688FB861D3DD9050069FA61 /* Main.storyboard */ = {
			isa = PBXVariantGroup;
			children = (
				3688FB871D3DD9050069FA61 /* Base */,
			);
			name = Main.storyboard;
			sourceTree = "<group>";
		};
		3688FB8B1D3DD9050069FA61 /* LaunchScreen.storyboard */ = {
			isa = PBXVariantGroup;
			children = (
				3688FB8C1D3DD9050069FA61 /* Base */,
			);
			name = LaunchScreen.storyboard;
			sourceTree = "<group>";
		};
/* End PBXVariantGroup section */

/* Begin XCBuildConfiguration section */
		3688FBA51D3DD9050069FA61 /* Debug */ = {
			isa = XCBuildConfiguration;
			buildSettings = {
				ALWAYS_SEARCH_USER_PATHS = NO;
				CLANG_ANALYZER_NONNULL = YES;
				CLANG_CXX_LANGUAGE_STANDARD = "gnu++0x";
				CLANG_CXX_LIBRARY = "libc++";
				CLANG_ENABLE_MODULES = YES;
				CLANG_ENABLE_OBJC_ARC = YES;
				CLANG_WARN_BOOL_CONVERSION = YES;
				CLANG_WARN_CONSTANT_CONVERSION = YES;
				CLANG_WARN_DIRECT_OBJC_ISA_USAGE = YES_ERROR;
				CLANG_WARN_EMPTY_BODY = YES;
				CLANG_WARN_ENUM_CONVERSION = YES;
				CLANG_WARN_INT_CONVERSION = YES;
				CLANG_WARN_OBJC_ROOT_CLASS = YES_ERROR;
				CLANG_WARN_UNREACHABLE_CODE = YES;
				CLANG_WARN__DUPLICATE_METHOD_MATCH = YES;
				"CODE_SIGN_IDENTITY[sdk=iphoneos*]" = "iPhone Developer";
				COPY_PHASE_STRIP = NO;
				DEBUG_INFORMATION_FORMAT = dwarf;
				ENABLE_STRICT_OBJC_MSGSEND = YES;
				ENABLE_TESTABILITY = YES;
				GCC_C_LANGUAGE_STANDARD = gnu99;
				GCC_DYNAMIC_NO_PIC = NO;
				GCC_NO_COMMON_BLOCKS = YES;
				GCC_OPTIMIZATION_LEVEL = 0;
				GCC_PREPROCESSOR_DEFINITIONS = (
					"DEBUG=1",
					"$(inherited)",
				);
				GCC_WARN_64_TO_32_BIT_CONVERSION = YES;
				GCC_WARN_ABOUT_RETURN_TYPE = YES_ERROR;
				GCC_WARN_UNDECLARED_SELECTOR = YES;
				GCC_WARN_UNINITIALIZED_AUTOS = YES_AGGRESSIVE;
				GCC_WARN_UNUSED_FUNCTION = YES;
				GCC_WARN_UNUSED_VARIABLE = YES;
				IPHONEOS_DEPLOYMENT_TARGET = 9.3;
				MTL_ENABLE_DEBUG_INFO = YES;
				ONLY_ACTIVE_ARCH = YES;
				SDKROOT = iphoneos;
			};
			name = Debug;
		};
		3688FBA61D3DD9050069FA61 /* Release */ = {
			isa = XCBuildConfiguration;
			buildSettings = {
				ALWAYS_SEARCH_USER_PATHS = NO;
				CLANG_ANALYZER_NONNULL = YES;
				CLANG_CXX_LANGUAGE_STANDARD = "gnu++0x";
				CLANG_CXX_LIBRARY = "libc++";
				CLANG_ENABLE_MODULES = YES;
				CLANG_ENABLE_OBJC_ARC = YES;
				CLANG_WARN_BOOL_CONVERSION = YES;
				CLANG_WARN_CONSTANT_CONVERSION = YES;
				CLANG_WARN_DIRECT_OBJC_ISA_USAGE = YES_ERROR;
				CLANG_WARN_EMPTY_BODY = YES;
				CLANG_WARN_ENUM_CONVERSION = YES;
				CLANG_WARN_INT_CONVERSION = YES;
				CLANG_WARN_OBJC_ROOT_CLASS = YES_ERROR;
				CLANG_WARN_UNREACHABLE_CODE = YES;
				CLANG_WARN__DUPLICATE_METHOD_MATCH = YES;
				"CODE_SIGN_IDENTITY[sdk=iphoneos*]" = "iPhone Developer";
				COPY_PHASE_STRIP = NO;
				DEBUG_INFORMATION_FORMAT = "dwarf-with-dsym";
				ENABLE_NS_ASSERTIONS = NO;
				ENABLE_STRICT_OBJC_MSGSEND = YES;
				GCC_C_LANGUAGE_STANDARD = gnu99;
				GCC_NO_COMMON_BLOCKS = YES;
				GCC_WARN_64_TO_32_BIT_CONVERSION = YES;
				GCC_WARN_ABOUT_RETURN_TYPE = YES_ERROR;
				GCC_WARN_UNDECLARED_SELECTOR = YES;
				GCC_WARN_UNINITIALIZED_AUTOS = YES_AGGRESSIVE;
				GCC_WARN_UNUSED_FUNCTION = YES;
				GCC_WARN_UNUSED_VARIABLE = YES;
				IPHONEOS_DEPLOYMENT_TARGET = 9.3;
				MTL_ENABLE_DEBUG_INFO = NO;
				SDKROOT = iphoneos;
				VALIDATE_PRODUCT = YES;
			};
			name = Release;
		};
		3688FBA81D3DD9050069FA61 /* Debug */ = {
			isa = XCBuildConfiguration;
			baseConfigurationReference = 767424B5B9E5805526B8EF18 /* Pods-FFCollection.debug.xcconfig */;
			buildSettings = {
				ASSETCATALOG_COMPILER_APPICON_NAME = AppIcon;
				INFOPLIST_FILE = FFCollection/Info.plist;
				LD_RUNPATH_SEARCH_PATHS = "$(inherited) @executable_path/Frameworks";
				PRODUCT_BUNDLE_IDENTIFIER = com.zly.FFCollection;
				PRODUCT_NAME = "$(TARGET_NAME)";
			};
			name = Debug;
		};
		3688FBA91D3DD9050069FA61 /* Release */ = {
			isa = XCBuildConfiguration;
			baseConfigurationReference = 65A22CD82A96550A10D4B815 /* Pods-FFCollection.release.xcconfig */;
			buildSettings = {
				ASSETCATALOG_COMPILER_APPICON_NAME = AppIcon;
				INFOPLIST_FILE = FFCollection/Info.plist;
				LD_RUNPATH_SEARCH_PATHS = "$(inherited) @executable_path/Frameworks";
				PRODUCT_BUNDLE_IDENTIFIER = com.zly.FFCollection;
				PRODUCT_NAME = "$(TARGET_NAME)";
			};
			name = Release;
		};
		3688FBAB1D3DD9050069FA61 /* Debug */ = {
			isa = XCBuildConfiguration;
			buildSettings = {
				BUNDLE_LOADER = "$(TEST_HOST)";
				INFOPLIST_FILE = FFCollectionTests/Info.plist;
				LD_RUNPATH_SEARCH_PATHS = "$(inherited) @executable_path/Frameworks @loader_path/Frameworks";
				PRODUCT_BUNDLE_IDENTIFIER = com.zly.FFCollectionTests;
				PRODUCT_NAME = "$(TARGET_NAME)";
				TEST_HOST = "$(BUILT_PRODUCTS_DIR)/FFCollection.app/FFCollection";
			};
			name = Debug;
		};
		3688FBAC1D3DD9050069FA61 /* Release */ = {
			isa = XCBuildConfiguration;
			buildSettings = {
				BUNDLE_LOADER = "$(TEST_HOST)";
				INFOPLIST_FILE = FFCollectionTests/Info.plist;
				LD_RUNPATH_SEARCH_PATHS = "$(inherited) @executable_path/Frameworks @loader_path/Frameworks";
				PRODUCT_BUNDLE_IDENTIFIER = com.zly.FFCollectionTests;
				PRODUCT_NAME = "$(TARGET_NAME)";
				TEST_HOST = "$(BUILT_PRODUCTS_DIR)/FFCollection.app/FFCollection";
			};
			name = Release;
		};
		3688FBAE1D3DD9050069FA61 /* Debug */ = {
			isa = XCBuildConfiguration;
			buildSettings = {
				INFOPLIST_FILE = FFCollectionUITests/Info.plist;
				LD_RUNPATH_SEARCH_PATHS = "$(inherited) @executable_path/Frameworks @loader_path/Frameworks";
				PRODUCT_BUNDLE_IDENTIFIER = com.zly.FFCollectionUITests;
				PRODUCT_NAME = "$(TARGET_NAME)";
				TEST_TARGET_NAME = FFCollection;
			};
			name = Debug;
		};
		3688FBAF1D3DD9050069FA61 /* Release */ = {
			isa = XCBuildConfiguration;
			buildSettings = {
				INFOPLIST_FILE = FFCollectionUITests/Info.plist;
				LD_RUNPATH_SEARCH_PATHS = "$(inherited) @executable_path/Frameworks @loader_path/Frameworks";
				PRODUCT_BUNDLE_IDENTIFIER = com.zly.FFCollectionUITests;
				PRODUCT_NAME = "$(TARGET_NAME)";
				TEST_TARGET_NAME = FFCollection;
			};
			name = Release;
		};
/* End XCBuildConfiguration section */

/* Begin XCConfigurationList section */
		3688FB751D3DD9050069FA61 /* Build configuration list for PBXProject "FFCollection" */ = {
			isa = XCConfigurationList;
			buildConfigurations = (
				3688FBA51D3DD9050069FA61 /* Debug */,
				3688FBA61D3DD9050069FA61 /* Release */,
			);
			defaultConfigurationIsVisible = 0;
			defaultConfigurationName = Release;
		};
		3688FBA71D3DD9050069FA61 /* Build configuration list for PBXNativeTarget "FFCollection" */ = {
			isa = XCConfigurationList;
			buildConfigurations = (
				3688FBA81D3DD9050069FA61 /* Debug */,
				3688FBA91D3DD9050069FA61 /* Release */,
			);
			defaultConfigurationIsVisible = 0;
			defaultConfigurationName = Release;
		};
		3688FBAA1D3DD9050069FA61 /* Build configuration list for PBXNativeTarget "FFCollectionTests" */ = {
			isa = XCConfigurationList;
			buildConfigurations = (
				3688FBAB1D3DD9050069FA61 /* Debug */,
				3688FBAC1D3DD9050069FA61 /* Release */,
			);
			defaultConfigurationIsVisible = 0;
			defaultConfigurationName = Release;
		};
		3688FBAD1D3DD9050069FA61 /* Build configuration list for PBXNativeTarget "FFCollectionUITests" */ = {
			isa = XCConfigurationList;
			buildConfigurations = (
				3688FBAE1D3DD9050069FA61 /* Debug */,
				3688FBAF1D3DD9050069FA61 /* Release */,
			);
			defaultConfigurationIsVisible = 0;
			defaultConfigurationName = Release;
		};
/* End XCConfigurationList section */
	};
	rootObject = 3688FB721D3DD9050069FA61 /* Project object */;
}
